
Microsoft Visual Studio Solution File, Format Version 12.00
Project("{FAE04EC0-301F-11D3-BF4B-00C04F79EFBC}") = "JwtAspNet", "JwtAspNet\JwtAspNet.csproj", "{80DA08BC-DC1F-4792-9DC6-10976032885F}"
EndProject
Global
	GlobalSection(SolutionConfigurationPlatforms) = preSolution
		Debug|Any CPU = Debug|Any CPU
		Release|Any CPU = Release|Any CPU
	EndGlobalSection
	GlobalSection(ProjectConfigurationPlatforms) = postSolution
		{80DA08BC-DC1F-4792-9DC6-10976032885F}.Debug|Any CPU.ActiveCfg = Debug|Any CPU
		{80DA08BC-DC1F-4792-9DC6-10976032885F}.Debug|Any CPU.Build.0 = Debug|Any CPU
		{80DA08BC-DC1F-4792-9DC6-10976032885F}.Release|Any CPU.ActiveCfg = Release|Any CPU
		{80DA08BC-DC1F-4792-9DC6-10976032885F}.Release|Any CPU.Build.0 = Release|Any CPU
	EndGlobalSection
EndGlobal
